
Microsoft Visual Studio Solution File, Format Version 12.00
# Visual Studio Version 17
VisualStudioVersion = 17.11.35222.181
MinimumVisualStudioVersion = 10.0.40219.1
Project("{FAE04EC0-301F-11D3-BF4B-00C04F79EFBC}") = "Stack", "Stack.csproj", "{1A0AB02B-4132-48DC-A345-6D13785811FC}"
EndProject
Global
	GlobalSection(SolutionConfigurationPlatforms) = preSolution
		Debug|Any CPU = Debug|Any CPU
		Release|Any CPU = Release|Any CPU
	EndGlobalSection
	GlobalSection(ProjectConfigurationPlatforms) = postSolution
		{1A0AB02B-4132-48DC-A345-6D13785811FC}.Debug|Any CPU.ActiveCfg = Debug|Any CPU
		{1A0AB02B-4132-48DC-A345-6D13785811FC}.Debug|Any CPU.Build.0 = Debug|Any CPU
		{1A0AB02B-4132-48DC-A345-6D13785811FC}.Release|Any CPU.ActiveCfg = Release|Any CPU
		{1A0AB02B-4132-48DC-A345-6D13785811FC}.Release|Any CPU.Build.0 = Release|Any CPU
	EndGlobalSection
	GlobalSection(SolutionProperties) = preSolution
		HideSolutionNode = FALSE
	EndGlobalSection
	GlobalSection(ExtensibilityGlobals) = postSolution
		SolutionGuid = {AB1D3554-1DF8-4706-B4BE-56C99A6AA30E}
	EndGlobalSection
EndGlobal
